
Microsoft Visual Studio Solution File, Format Version 12.00
# Visual Studio Version 17
VisualStudioVersion = 17.1.32328.378
MinimumVisualStudioVersion = 10.0.40219.1
Project("{FAE04EC0-301F-11D3-BF4B-00C04F79EFBC}") = "MaxCo", "MaxCo.csproj", "{BDC69826-4B53-4936-87E4-F4D94F948611}"
EndProject
Global
	GlobalSection(SolutionConfigurationPlatforms) = preSolution
		Debug|Any CPU = Debug|Any CPU
		Release|Any CPU = Release|Any CPU
	EndGlobalSection
	GlobalSection(ProjectConfigurationPlatforms) = postSolution
		{BDC69826-4B53-4936-87E4-F4D94F948611}.Debug|Any CPU.ActiveCfg = Debug|Any CPU
		{BDC69826-4B53-4936-87E4-F4D94F948611}.Debug|Any CPU.Build.0 = Debug|Any CPU
		{BDC69826-4B53-4936-87E4-F4D94F948611}.Release|Any CPU.ActiveCfg = Release|Any CPU
		{BDC69826-4B53-4936-87E4-F4D94F948611}.Release|Any CPU.Build.0 = Release|Any CPU
	EndGlobalSection
	GlobalSection(SolutionProperties) = preSolution
		HideSolutionNode = FALSE
	EndGlobalSection
	GlobalSection(ExtensibilityGlobals) = postSolution
		SolutionGuid = {CC1E8E37-269B-416D-9ECB-EDC24D9B283D}
	EndGlobalSection
EndGlobal
